
Microsoft Visual Studio Solution File, Format Version 12.00
# Visual Studio 15
VisualStudioVersion = 15.0.27130.2010
MinimumVisualStudioVersion = 10.0.40219.1
Project("{FAE04EC0-301F-11D3-BF4B-00C04F79EFBC}") = "WeatherAddIn", "WeatherAddIn\WeatherAddIn.csproj", "{ABC3569F-EF0D-44AE-BE4F-6BFBC5C7B311}"
EndProject
Global
	GlobalSection(SolutionConfigurationPlatforms) = preSolution
		Debug|Any CPU = Debug|Any CPU
		Release|Any CPU = Release|Any CPU
	EndGlobalSection
	GlobalSection(ProjectConfigurationPlatforms) = postSolution
		{ABC3569F-EF0D-44AE-BE4F-6BFBC5C7B311}.Debug|Any CPU.ActiveCfg = Debug|Any CPU
		{ABC3569F-EF0D-44AE-BE4F-6BFBC5C7B311}.Debug|Any CPU.Build.0 = Debug|Any CPU
		{ABC3569F-EF0D-44AE-BE4F-6BFBC5C7B311}.Debug|Any CPU.Deploy.0 = Debug|Any CPU
		{ABC3569F-EF0D-44AE-BE4F-6BFBC5C7B311}.Release|Any CPU.ActiveCfg = Release|Any CPU
		{ABC3569F-EF0D-44AE-BE4F-6BFBC5C7B311}.Release|Any CPU.Build.0 = Release|Any CPU
		{ABC3569F-EF0D-44AE-BE4F-6BFBC5C7B311}.Release|Any CPU.Deploy.0 = Release|Any CPU
	EndGlobalSection
	GlobalSection(SolutionProperties) = preSolution
		HideSolutionNode = FALSE
	EndGlobalSection
	GlobalSection(ExtensibilityGlobals) = postSolution
		SolutionGuid = {4906BE96-47F1-4AE2-B49D-83BF0982AC30}
	EndGlobalSection
EndGlobal
